{
    "_meta": {
        "hash": {
            "sha256": "ce99d1ac1726243edee859e9c7d7c8861b50c881f56fdb839e1ec36ef057e9e6"
        },
        "pipfile-spec": 6,
        "requires": {
            "python_version": "3.6"
        },
        "sources": [
            {
                "name": "pypi",
                "url": "https://pypi.python.org/simple",
                "verify_ssl": true
            }
        ]
    },
    "default": {
        "graphviz": {
            "hashes": [
                "sha256:4958a19cbd8461757a08db308a4a15c3d586660417e1e364f0107d2fe481689f",
                "sha256:7caa53f0b0be42c5f2eaa3f3d71dcc863b15bacceb5d531c2ad7519e1980ff82"
            ],
            "index": "pypi",
            "version": "==0.8.4"
        }
    },
    "develop": {}
}
