{
    "_meta": {
        "hash": {
            "sha256": "ce59daa7cf7d51b52cf129dc98b4457d8490d9d00ed503896e8db3bcf9e499a9"
        },
        "host-environment-markers": {
            "implementation_name": "cpython",
            "implementation_version": "3.5.2",
            "os_name": "posix",
            "platform_machine": "x86_64",
            "platform_python_implementation": "CPython",
            "platform_release": "4.4.0-128-generic",
            "platform_system": "Linux",
            "platform_version": "#154-Ubuntu SMP Fri May 25 14:15:18 UTC 2018",
            "python_full_version": "3.5.2",
            "python_version": "3.5",
            "sys_platform": "linux"
        },
        "pipfile-spec": 6,
        "requires": {
            "python_version": "3.5"
        },
        "sources": [
            {
                "name": "pypi",
                "url": "https://pypi.python.org/simple",
                "verify_ssl": true
            }
        ]
    },
    "default": {
        "graphviz": {
            "hashes": [
                "sha256:e1e839596d5ada2b7b5a80e8dffef343cd9f242e95c2387f765755795430ef3c",
                "sha256:c61de040e5354c088d2785ea447dd8c26fc572dcc389e4e23e2b46947808d43e"
            ],
            "version": "==0.8.3"
        }
    },
    "develop": {}
}
